
Microsoft Visual Studio Solution File, Format Version 12.00
# Visual Studio Version 17
VisualStudioVersion = 17.14.36623.8
MinimumVisualStudioVersion = 10.0.40219.1
Project("{FAE04EC0-301F-11D3-BF4B-00C04F79EFBC}") = "UserApi", "UserApi\UserApi.csproj", "{F3E4AC1E-3D27-4D68-A7BA-B0D80FEA9E91}"
EndProject
Project("{2150E333-8FDC-42A3-9474-1A3956D46DE8}") = "src", "src", "{36D591C7-65C7-A0D1-1CBC-10CDE441BDC8}"
EndProject
Project("{2150E333-8FDC-42A3-9474-1A3956D46DE8}") = "UserMicroservice", "UserMicroservice", "{83451E9B-7069-4100-BF54-B783E2CFE672}"
EndProject
Project("{FAE04EC0-301F-11D3-BF4B-00C04F79EFBC}") = "UserDomain", "..\UserDomain\UserDomain.csproj", "{059F9DCE-30A2-4B20-9EF7-24EE4E59584F}"
EndProject
Project("{FAE04EC0-301F-11D3-BF4B-00C04F79EFBC}") = "UserApplication", "..\UserApplication\UserApplication.csproj", "{B427A447-AE10-48FD-AC62-9B6250F7DEBF}"
EndProject
Project("{FAE04EC0-301F-11D3-BF4B-00C04F79EFBC}") = "UserInfrastructure", "..\UserInfrastructure\UserInfrastructure.csproj", "{7D15FDFB-21FB-4FD2-8CFD-8B46A8BA6BA4}"
EndProject
Project("{2150E333-8FDC-42A3-9474-1A3956D46DE8}") = "ProductMicroservice", "ProductMicroservice", "{93DC3186-4FB2-4ECD-86CD-C58B20DA62FF}"
EndProject
Project("{FAE04EC0-301F-11D3-BF4B-00C04F79EFBC}") = "ProductApi", "..\..\ProductService\ProductApi\ProductApi.csproj", "{F0D279C4-C053-47E8-AD0A-F95755B820AD}"
EndProject
Project("{FAE04EC0-301F-11D3-BF4B-00C04F79EFBC}") = "ProductApplication", "..\..\ProductService\ProductApplication\ProductApplication.csproj", "{70B0F8E0-BE5F-4B78-A72F-8376C761EB62}"
EndProject
Project("{FAE04EC0-301F-11D3-BF4B-00C04F79EFBC}") = "ProductDomain", "..\..\ProductService\ProductDomain\ProductDomain.csproj", "{81087034-FBAD-4E75-86DB-6CDC141E0298}"
EndProject
Project("{FAE04EC0-301F-11D3-BF4B-00C04F79EFBC}") = "ProductInfrastructure", "ProductInfrastructure\ProductInfrastructure.csproj", "{20C633B9-7240-45AF-A0FF-C65C5BBA6F41}"
EndProject
Project("{FAE04EC0-301F-11D3-BF4B-00C04F79EFBC}") = "UnitTests", "..\UnitTests\UnitTests.csproj", "{A26A709F-3333-424F-A400-1FB21D122112}"
EndProject
Project("{FAE04EC0-301F-11D3-BF4B-00C04F79EFBC}") = "UnitTests", "..\..\ProductService\UnitTests\UnitTests.csproj", "{5A554335-CB2B-4371-A5AE-0CD98FD88E90}"
EndProject
Global
	GlobalSection(SolutionConfigurationPlatforms) = preSolution
		Debug|Any CPU = Debug|Any CPU
		Release|Any CPU = Release|Any CPU
	EndGlobalSection
	GlobalSection(ProjectConfigurationPlatforms) = postSolution
		{F3E4AC1E-3D27-4D68-A7BA-B0D80FEA9E91}.Debug|Any CPU.ActiveCfg = Debug|Any CPU
		{F3E4AC1E-3D27-4D68-A7BA-B0D80FEA9E91}.Debug|Any CPU.Build.0 = Debug|Any CPU
		{F3E4AC1E-3D27-4D68-A7BA-B0D80FEA9E91}.Release|Any CPU.ActiveCfg = Release|Any CPU
		{F3E4AC1E-3D27-4D68-A7BA-B0D80FEA9E91}.Release|Any CPU.Build.0 = Release|Any CPU
		{059F9DCE-30A2-4B20-9EF7-24EE4E59584F}.Debug|Any CPU.ActiveCfg = Debug|Any CPU
		{059F9DCE-30A2-4B20-9EF7-24EE4E59584F}.Debug|Any CPU.Build.0 = Debug|Any CPU
		{059F9DCE-30A2-4B20-9EF7-24EE4E59584F}.Release|Any CPU.ActiveCfg = Release|Any CPU
		{059F9DCE-30A2-4B20-9EF7-24EE4E59584F}.Release|Any CPU.Build.0 = Release|Any CPU
		{B427A447-AE10-48FD-AC62-9B6250F7DEBF}.Debug|Any CPU.ActiveCfg = Debug|Any CPU
		{B427A447-AE10-48FD-AC62-9B6250F7DEBF}.Debug|Any CPU.Build.0 = Debug|Any CPU
		{B427A447-AE10-48FD-AC62-9B6250F7DEBF}.Release|Any CPU.ActiveCfg = Release|Any CPU
		{B427A447-AE10-48FD-AC62-9B6250F7DEBF}.Release|Any CPU.Build.0 = Release|Any CPU
		{7D15FDFB-21FB-4FD2-8CFD-8B46A8BA6BA4}.Debug|Any CPU.ActiveCfg = Debug|Any CPU
		{7D15FDFB-21FB-4FD2-8CFD-8B46A8BA6BA4}.Debug|Any CPU.Build.0 = Debug|Any CPU
		{7D15FDFB-21FB-4FD2-8CFD-8B46A8BA6BA4}.Release|Any CPU.ActiveCfg = Release|Any CPU
		{7D15FDFB-21FB-4FD2-8CFD-8B46A8BA6BA4}.Release|Any CPU.Build.0 = Release|Any CPU
		{F0D279C4-C053-47E8-AD0A-F95755B820AD}.Debug|Any CPU.ActiveCfg = Debug|Any CPU
		{F0D279C4-C053-47E8-AD0A-F95755B820AD}.Debug|Any CPU.Build.0 = Debug|Any CPU
		{F0D279C4-C053-47E8-AD0A-F95755B820AD}.Release|Any CPU.ActiveCfg = Release|Any CPU
		{F0D279C4-C053-47E8-AD0A-F95755B820AD}.Release|Any CPU.Build.0 = Release|Any CPU
		{70B0F8E0-BE5F-4B78-A72F-8376C761EB62}.Debug|Any CPU.ActiveCfg = Debug|Any CPU
		{70B0F8E0-BE5F-4B78-A72F-8376C761EB62}.Debug|Any CPU.Build.0 = Debug|Any CPU
		{70B0F8E0-BE5F-4B78-A72F-8376C761EB62}.Release|Any CPU.ActiveCfg = Release|Any CPU
		{70B0F8E0-BE5F-4B78-A72F-8376C761EB62}.Release|Any CPU.Build.0 = Release|Any CPU
		{81087034-FBAD-4E75-86DB-6CDC141E0298}.Debug|Any CPU.ActiveCfg = Debug|Any CPU
		{81087034-FBAD-4E75-86DB-6CDC141E0298}.Debug|Any CPU.Build.0 = Debug|Any CPU
		{81087034-FBAD-4E75-86DB-6CDC141E0298}.Release|Any CPU.ActiveCfg = Release|Any CPU
		{81087034-FBAD-4E75-86DB-6CDC141E0298}.Release|Any CPU.Build.0 = Release|Any CPU
		{20C633B9-7240-45AF-A0FF-C65C5BBA6F41}.Debug|Any CPU.ActiveCfg = Debug|Any CPU
		{20C633B9-7240-45AF-A0FF-C65C5BBA6F41}.Debug|Any CPU.Build.0 = Debug|Any CPU
		{20C633B9-7240-45AF-A0FF-C65C5BBA6F41}.Release|Any CPU.ActiveCfg = Release|Any CPU
		{20C633B9-7240-45AF-A0FF-C65C5BBA6F41}.Release|Any CPU.Build.0 = Release|Any CPU
		{A26A709F-3333-424F-A400-1FB21D122112}.Debug|Any CPU.ActiveCfg = Debug|Any CPU
		{A26A709F-3333-424F-A400-1FB21D122112}.Debug|Any CPU.Build.0 = Debug|Any CPU
		{A26A709F-3333-424F-A400-1FB21D122112}.Release|Any CPU.ActiveCfg = Release|Any CPU
		{A26A709F-3333-424F-A400-1FB21D122112}.Release|Any CPU.Build.0 = Release|Any CPU
		{5A554335-CB2B-4371-A5AE-0CD98FD88E90}.Debug|Any CPU.ActiveCfg = Debug|Any CPU
		{5A554335-CB2B-4371-A5AE-0CD98FD88E90}.Debug|Any CPU.Build.0 = Debug|Any CPU
		{5A554335-CB2B-4371-A5AE-0CD98FD88E90}.Release|Any CPU.ActiveCfg = Release|Any CPU
		{5A554335-CB2B-4371-A5AE-0CD98FD88E90}.Release|Any CPU.Build.0 = Release|Any CPU
	EndGlobalSection
	GlobalSection(SolutionProperties) = preSolution
		HideSolutionNode = FALSE
	EndGlobalSection
	GlobalSection(NestedProjects) = preSolution
		{F3E4AC1E-3D27-4D68-A7BA-B0D80FEA9E91} = {83451E9B-7069-4100-BF54-B783E2CFE672}
		{83451E9B-7069-4100-BF54-B783E2CFE672} = {36D591C7-65C7-A0D1-1CBC-10CDE441BDC8}
		{059F9DCE-30A2-4B20-9EF7-24EE4E59584F} = {83451E9B-7069-4100-BF54-B783E2CFE672}
		{B427A447-AE10-48FD-AC62-9B6250F7DEBF} = {83451E9B-7069-4100-BF54-B783E2CFE672}
		{7D15FDFB-21FB-4FD2-8CFD-8B46A8BA6BA4} = {83451E9B-7069-4100-BF54-B783E2CFE672}
		{93DC3186-4FB2-4ECD-86CD-C58B20DA62FF} = {36D591C7-65C7-A0D1-1CBC-10CDE441BDC8}
		{F0D279C4-C053-47E8-AD0A-F95755B820AD} = {93DC3186-4FB2-4ECD-86CD-C58B20DA62FF}
		{70B0F8E0-BE5F-4B78-A72F-8376C761EB62} = {93DC3186-4FB2-4ECD-86CD-C58B20DA62FF}
		{81087034-FBAD-4E75-86DB-6CDC141E0298} = {93DC3186-4FB2-4ECD-86CD-C58B20DA62FF}
		{20C633B9-7240-45AF-A0FF-C65C5BBA6F41} = {93DC3186-4FB2-4ECD-86CD-C58B20DA62FF}
		{A26A709F-3333-424F-A400-1FB21D122112} = {83451E9B-7069-4100-BF54-B783E2CFE672}
		{5A554335-CB2B-4371-A5AE-0CD98FD88E90} = {93DC3186-4FB2-4ECD-86CD-C58B20DA62FF}
	EndGlobalSection
	GlobalSection(ExtensibilityGlobals) = postSolution
		SolutionGuid = {F1A85427-DA1E-436E-BF1C-631256238209}
	EndGlobalSection
EndGlobal
